
Microsoft Visual Studio Solution File, Format Version 12.00
# Visual Studio 15
VisualStudioVersion = 15.0.27130.2027
MinimumVisualStudioVersion = 10.0.40219.1
Project("{FAE04EC0-301F-11D3-BF4B-00C04F79EFBC}") = "Volumecontrol", "Volumecontrol\Volumecontrol.csproj", "{37B0D9B6-51D4-46D5-BBD3-A15F4FB77177}"
EndProject
Global
	GlobalSection(SolutionConfigurationPlatforms) = preSolution
		Debug|Any CPU = Debug|Any CPU
		Release|Any CPU = Release|Any CPU
	EndGlobalSection
	GlobalSection(ProjectConfigurationPlatforms) = postSolution
		{37B0D9B6-51D4-46D5-BBD3-A15F4FB77177}.Debug|Any CPU.ActiveCfg = Debug|Any CPU
		{37B0D9B6-51D4-46D5-BBD3-A15F4FB77177}.Debug|Any CPU.Build.0 = Debug|Any CPU
		{37B0D9B6-51D4-46D5-BBD3-A15F4FB77177}.Release|Any CPU.ActiveCfg = Release|Any CPU
		{37B0D9B6-51D4-46D5-BBD3-A15F4FB77177}.Release|Any CPU.Build.0 = Release|Any CPU
	EndGlobalSection
	GlobalSection(SolutionProperties) = preSolution
		HideSolutionNode = FALSE
	EndGlobalSection
	GlobalSection(ExtensibilityGlobals) = postSolution
		SolutionGuid = {C6B09E5D-537D-48C5-886A-A324154198EC}
	EndGlobalSection
EndGlobal
